
Microsoft Visual Studio Solution File, Format Version 12.00
# Visual Studio Version 17
VisualStudioVersion = 17.3.32929.385
MinimumVisualStudioVersion = 10.0.40219.1
Project("{FAE04EC0-301F-11D3-BF4B-00C04F79EFBC}") = "Halo Tools", "Halo Tools\Halo Tools.csproj", "{92CC6E78-6722-472C-B350-B53C171F8C07}"
	ProjectSection(ProjectDependencies) = postProject
		{BE24ECD7-E021-41B5-83E0-2BEC49E7663B} = {BE24ECD7-E021-41B5-83E0-2BEC49E7663B}
	EndProjectSection
EndProject
Project("{8BC9CEB8-8B4A-11D0-8D11-00A0C91BC942}") = "HaloDirector", "HaloDirector\HaloDirector.vcxproj", "{BE24ECD7-E021-41B5-83E0-2BEC49E7663B}"
	ProjectSection(ProjectDependencies) = postProject
		{F142A341-5EE0-442D-A15F-98AE9B48DBAE} = {F142A341-5EE0-442D-A15F-98AE9B48DBAE}
	EndProjectSection
EndProject
Project("{8BC9CEB8-8B4A-11D0-8D11-00A0C91BC942}") = "libMinHook", "minhook\build\VC17\libMinHook.vcxproj", "{F142A341-5EE0-442D-A15F-98AE9B48DBAE}"
EndProject
Global
	GlobalSection(SolutionConfigurationPlatforms) = preSolution
		Release|x64 = Release|x64
	EndGlobalSection
	GlobalSection(ProjectConfigurationPlatforms) = postSolution
		{92CC6E78-6722-472C-B350-B53C171F8C07}.Release|x64.ActiveCfg = Release|x64
		{92CC6E78-6722-472C-B350-B53C171F8C07}.Release|x64.Build.0 = Release|x64
		{BE24ECD7-E021-41B5-83E0-2BEC49E7663B}.Release|x64.ActiveCfg = Release|x64
		{BE24ECD7-E021-41B5-83E0-2BEC49E7663B}.Release|x64.Build.0 = Release|x64
		{F142A341-5EE0-442D-A15F-98AE9B48DBAE}.Release|x64.ActiveCfg = Release|x64
		{F142A341-5EE0-442D-A15F-98AE9B48DBAE}.Release|x64.Build.0 = Release|x64
	EndGlobalSection
	GlobalSection(SolutionProperties) = preSolution
		HideSolutionNode = FALSE
	EndGlobalSection
	GlobalSection(ExtensibilityGlobals) = postSolution
		SolutionGuid = {B2410DA4-90C2-4248-B00D-61F29552D511}
	EndGlobalSection
EndGlobal
